
Microsoft Visual Studio Solution File, Format Version 12.00
# Visual Studio Version 16
VisualStudioVersion = 16.0.30804.86
MinimumVisualStudioVersion = 10.0.40219.1
Project("{FAE04EC0-301F-11D3-BF4B-00C04F79EFBC}") = "EJ1_PyP", "EJ1_PyP\EJ1_PyP.csproj", "{AB6A9BDB-13D2-45B3-9586-70ED3C702107}"
EndProject
Global
	GlobalSection(SolutionConfigurationPlatforms) = preSolution
		Debug|Any CPU = Debug|Any CPU
		Release|Any CPU = Release|Any CPU
	EndGlobalSection
	GlobalSection(ProjectConfigurationPlatforms) = postSolution
		{AB6A9BDB-13D2-45B3-9586-70ED3C702107}.Debug|Any CPU.ActiveCfg = Debug|Any CPU
		{AB6A9BDB-13D2-45B3-9586-70ED3C702107}.Debug|Any CPU.Build.0 = Debug|Any CPU
		{AB6A9BDB-13D2-45B3-9586-70ED3C702107}.Release|Any CPU.ActiveCfg = Release|Any CPU
		{AB6A9BDB-13D2-45B3-9586-70ED3C702107}.Release|Any CPU.Build.0 = Release|Any CPU
	EndGlobalSection
	GlobalSection(SolutionProperties) = preSolution
		HideSolutionNode = FALSE
	EndGlobalSection
	GlobalSection(ExtensibilityGlobals) = postSolution
		SolutionGuid = {BB561184-53E2-4802-BBD4-6EA24D264268}
	EndGlobalSection
EndGlobal
